
Microsoft Visual Studio Solution File, Format Version 12.00
# Visual Studio Version 16
VisualStudioVersion = 16.0.30114.105
MinimumVisualStudioVersion = 10.0.40219.1
Project("{FAE04EC0-301F-11D3-BF4B-00C04F79EFBC}") = "BADownloader", "BADownloader\BADownloader.csproj", "{0170FC6D-EFF0-4FC4-9404-8C5DE811654E}"
EndProject
Project("{FAE04EC0-301F-11D3-BF4B-00C04F79EFBC}") = "MinimalLog", "MinimalLog\MinimalLog.csproj", "{67D4B0EA-CC7D-461E-B105-C33F4AD534F7}"
EndProject
Project("{FAE04EC0-301F-11D3-BF4B-00C04F79EFBC}") = "BADownloader.App", "BADownloader.App\BADownloader.App.csproj", "{B22CCEB8-CADF-445A-AA2D-11870738333A}"
EndProject
Global
	GlobalSection(SolutionConfigurationPlatforms) = preSolution
		Debug|Any CPU = Debug|Any CPU
		Release|Any CPU = Release|Any CPU
	EndGlobalSection
	GlobalSection(SolutionProperties) = preSolution
		HideSolutionNode = FALSE
	EndGlobalSection
	GlobalSection(ProjectConfigurationPlatforms) = postSolution
		{0170FC6D-EFF0-4FC4-9404-8C5DE811654E}.Debug|Any CPU.ActiveCfg = Debug|Any CPU
		{0170FC6D-EFF0-4FC4-9404-8C5DE811654E}.Debug|Any CPU.Build.0 = Debug|Any CPU
		{0170FC6D-EFF0-4FC4-9404-8C5DE811654E}.Release|Any CPU.ActiveCfg = Release|Any CPU
		{0170FC6D-EFF0-4FC4-9404-8C5DE811654E}.Release|Any CPU.Build.0 = Release|Any CPU
		{67D4B0EA-CC7D-461E-B105-C33F4AD534F7}.Debug|Any CPU.ActiveCfg = Debug|Any CPU
		{67D4B0EA-CC7D-461E-B105-C33F4AD534F7}.Debug|Any CPU.Build.0 = Debug|Any CPU
		{67D4B0EA-CC7D-461E-B105-C33F4AD534F7}.Release|Any CPU.ActiveCfg = Release|Any CPU
		{67D4B0EA-CC7D-461E-B105-C33F4AD534F7}.Release|Any CPU.Build.0 = Release|Any CPU
		{B22CCEB8-CADF-445A-AA2D-11870738333A}.Debug|Any CPU.ActiveCfg = Debug|Any CPU
		{B22CCEB8-CADF-445A-AA2D-11870738333A}.Debug|Any CPU.Build.0 = Debug|Any CPU
		{B22CCEB8-CADF-445A-AA2D-11870738333A}.Release|Any CPU.ActiveCfg = Release|Any CPU
		{B22CCEB8-CADF-445A-AA2D-11870738333A}.Release|Any CPU.Build.0 = Release|Any CPU
	EndGlobalSection
EndGlobal
